// !$*UTF8*$!
{
	archiveVersion = 1;
	classes = {
	};
	objectVersion = 46;
	objects = {

/* Begin PBXBuildFile section */
		580D035F18135907009AB5C6 /* UIKit.framework in Frameworks */ = {isa = PBXBuildFile; fileRef = 580D035E18135907009AB5C6 /* UIKit.framework */; };
		580D036118135907009AB5C6 /* Foundation.framework in Frameworks */ = {isa = PBXBuildFile; fileRef = 580D036018135907009AB5C6 /* Foundation.framework */; };
		580D036318135907009AB5C6 /* CoreGraphics.framework in Frameworks */ = {isa = PBXBuildFile; fileRef = 580D036218135907009AB5C6 /* CoreGraphics.framework */; };
		580D036918135907009AB5C6 /* InfoPlist.strings in Resources */ = {isa = PBXBuildFile; fileRef = 580D036718135907009AB5C6 /* InfoPlist.strings */; };
		580D036B18135907009AB5C6 /* main.m in Sources */ = {isa = PBXBuildFile; fileRef = 580D036A18135907009AB5C6 /* main.m */; };
		580D036F18135907009AB5C6 /* AppDelegate.m in Sources */ = {isa = PBXBuildFile; fileRef = 580D036E18135907009AB5C6 /* AppDelegate.m */; };
		580D037218135907009AB5C6 /* MainStoryboard_iPhone.storyboard in Resources */ = {isa = PBXBuildFile; fileRef = 580D037018135907009AB5C6 /* MainStoryboard_iPhone.storyboard */; };
		580D037518135907009AB5C6 /* MainStoryboard_iPad.storyboard in Resources */ = {isa = PBXBuildFile; fileRef = 580D037318135907009AB5C6 /* MainStoryboard_iPad.storyboard */; };
		580D037818135907009AB5C6 /* ViewController.m in Sources */ = {isa = PBXBuildFile; fileRef = 580D037718135907009AB5C6 /* ViewController.m */; };
/* End PBXBuildFile section */

/* Begin PBXFileReference section */
		580D035A18135907009AB5C6 /* rottentomatoes.app */ = {isa = PBXFileReference; explicitFileType = wrapper.application; includeInIndex = 0; path = rottentomatoes.app; sourceTree = BUILT_PRODUCTS_DIR; };
		580D035E18135907009AB5C6 /* UIKit.framework */ = {isa = PBXFileReference; lastKnownFileType = wrapper.framework; name = UIKit.framework; path = System/Library/Frameworks/UIKit.framework; sourceTree = SDKROOT; };
		580D036018135907009AB5C6 /* Foundation.framework */ = {isa = PBXFileReference; lastKnownFileType = wrapper.framework; name = Foundation.framework; path = System/Library/Frameworks/Foundation.framework; sourceTree = SDKROOT; };
		580D036218135907009AB5C6 /* CoreGraphics.framework */ = {isa = PBXFileReference; lastKnownFileType = wrapper.framework; name = CoreGraphics.framework; path = System/Library/Frameworks/CoreGraphics.framework; sourceTree = SDKROOT; };
		580D036618135907009AB5C6 /* rottentomatoes-Info.plist */ = {isa = PBXFileReference; path = "rottentomatoes-Info.plist"; sourceTree = "<group>"; };
		580D036818135907009AB5C6 /* en */ = {isa = PBXFileReference; lastKnownFileType = text.plist.strings; name = en; path = en.lproj/InfoPlist.strings; sourceTree = "<group>"; };
		580D036A18135907009AB5C6 /* main.m */ = {isa = PBXFileReference; lastKnownFileType = sourcecode.c.objc; path = main.m; sourceTree = "<group>"; };
		580D036C18135907009AB5C6 /* rottentomatoes-Prefix.pch */ = {isa = PBXFileReference; path = "rottentomatoes-Prefix.pch"; sourceTree = "<group>"; };
		580D036D18135907009AB5C6 /* AppDelegate.h */ = {isa = PBXFileReference; path = AppDelegate.h; sourceTree = "<group>"; };
		580D036E18135907009AB5C6 /* AppDelegate.m */ = {isa = PBXFileReference; lastKnownFileType = sourcecode.c.objc; path = AppDelegate.m; sourceTree = "<group>"; };
		580D037118135907009AB5C6 /* en */ = {isa = PBXFileReference; lastKnownFileType = file.storyboard; name = en; path = en.lproj/MainStoryboard_iPhone.storyboard; sourceTree = "<group>"; };
		580D037418135907009AB5C6 /* en */ = {isa = PBXFileReference; lastKnownFileType = file.storyboard; name = en; path = en.lproj/MainStoryboard_iPad.storyboard; sourceTree = "<group>"; };
		580D037618135907009AB5C6 /* ViewController.h */ = {isa = PBXFileReference; path = ViewController.h; sourceTree = "<group>"; };
		580D037718135907009AB5C6 /* ViewController.m */ = {isa = PBXFileReference; lastKnownFileType = sourcecode.c.objc; path = ViewController.m; sourceTree = "<group>"; };
/* End PBXFileReference section */

/* Begin PBXFrameworksBuildPhase section */
		580D035718135907009AB5C6 /* Frameworks */ = {
			isa = PBXFrameworksBuildPhase;
			buildActionMask = 2147483647;
			files = (
				580D035F18135907009AB5C6 /* UIKit.framework in Frameworks */,
				580D036118135907009AB5C6 /* Foundation.framework in Frameworks */,
				580D036318135907009AB5C6 /* CoreGraphics.framework in Frameworks */,
			);
			runOnlyForDeploymentPostprocessing = 0;
		};
/* End PBXFrameworksBuildPhase section */

/* Begin PBXGroup section */
		580D034F18135907009AB5C6 = {
			isa = PBXGroup;
			children = (
				580D036418135907009AB5C6 /* rottentomatoes */,
				580D035D18135907009AB5C6 /* Frameworks */,
				580D035B18135907009AB5C6 /* Products */,
			);
			sourceTree = "<group>";
		};
		580D035B18135907009AB5C6 /* Products */ = {
			isa = PBXGroup;
			children = (
				580D035A18135907009AB5C6 /* rottentomatoes.app */,
			);
			name = Products;
			sourceTree = "<group>";
		};
		580D035D18135907009AB5C6 /* Frameworks */ = {
			isa = PBXGroup;
			children = (
				580D035E18135907009AB5C6 /* UIKit.framework */,
				580D036018135907009AB5C6 /* Foundation.framework */,
				580D036218135907009AB5C6 /* CoreGraphics.framework */,
			);
			name = Frameworks;
			sourceTree = "<group>";
		};
		580D036418135907009AB5C6 /* rottentomatoes */ = {
			isa = PBXGroup;
			children = (
				580D036D18135907009AB5C6 /* AppDelegate.h */,
				580D036E18135907009AB5C6 /* AppDelegate.m */,
				580D037018135907009AB5C6 /* MainStoryboard_iPhone.storyboard */,
				580D037318135907009AB5C6 /* MainStoryboard_iPad.storyboard */,
				580D037618135907009AB5C6 /* ViewController.h */,
				580D037718135907009AB5C6 /* ViewController.m */,
				580D036518135907009AB5C6 /* Supporting Files */,
			);
			path = rottentomatoes;
			sourceTree = "<group>";
		};
		580D036518135907009AB5C6 /* Supporting Files */ = {
			isa = PBXGroup;
			children = (
				580D036618135907009AB5C6 /* rottentomatoes-Info.plist */,
				580D036718135907009AB5C6 /* InfoPlist.strings */,
				580D036A18135907009AB5C6 /* main.m */,
				580D036C18135907009AB5C6 /* rottentomatoes-Prefix.pch */,
			);
			name = "Supporting Files";
			sourceTree = "<group>";
		};
/* End PBXGroup section */

/* Begin PBXNativeTarget section */
		580D035918135907009AB5C6 /* rottentomatoes */ = {
			isa = PBXNativeTarget;
			buildConfigurationList = 580D037B18135907009AB5C6 /* Build configuration list for PBXNativeTarget "rottentomatoes" */;
			buildPhases = (
				580D035618135907009AB5C6 /* Sources */,
				580D035718135907009AB5C6 /* Frameworks */,
				580D035818135907009AB5C6 /* Resources */,
			);
			buildRules = (
			);
			dependencies = (
			);
			name = rottentomatoes;
			productName = rottentomatoes;
			productReference = 580D035A18135907009AB5C6 /* rottentomatoes.app */;
			productType = "com.apple.product-type.application";
		};
/* End PBXNativeTarget section */

/* Begin PBXProject section */
		580D035118135907009AB5C6 /* Project object */ = {
			isa = PBXProject;
			attributes = {
				LastUpgradeCheck = 0430;
			};
			buildConfigurationList = 580D035418135907009AB5C6 /* Build configuration list for PBXProject "rottentomatoes" */;
			compatibilityVersion = "Xcode 3.2";
			developmentRegion = English;
			hasScannedForEncodings = 0;
			knownRegions = (
				en,
			);
			mainGroup = 580D034F18135907009AB5C6;
			productRefGroup = 580D035B18135907009AB5C6 /* Products */;
			projectDirPath = "";
			projectRoot = "";
			targets = (
				580D035918135907009AB5C6 /* rottentomatoes */,
			);
		};
/* End PBXProject section */

/* Begin PBXResourcesBuildPhase section */
		580D035818135907009AB5C6 /* Resources */ = {
			isa = PBXResourcesBuildPhase;
			buildActionMask = 2147483647;
			files = (
				580D036918135907009AB5C6 /* InfoPlist.strings in Resources */,
				580D037218135907009AB5C6 /* MainStoryboard_iPhone.storyboard in Resources */,
				580D037518135907009AB5C6 /* MainStoryboard_iPad.storyboard in Resources */,
			);
			runOnlyForDeploymentPostprocessing = 0;
		};
/* End PBXResourcesBuildPhase section */

/* Begin PBXSourcesBuildPhase section */
		580D035618135907009AB5C6 /* Sources */ = {
			isa = PBXSourcesBuildPhase;
			buildActionMask = 2147483647;
			files = (
				580D036B18135907009AB5C6 /* main.m in Sources */,
				580D036F18135907009AB5C6 /* AppDelegate.m in Sources */,
				580D037818135907009AB5C6 /* ViewController.m in Sources */,
			);
			runOnlyForDeploymentPostprocessing = 0;
		};
/* End PBXSourcesBuildPhase section */

/* Begin PBXVariantGroup section */
		580D036718135907009AB5C6 /* InfoPlist.strings */ = {
			isa = PBXVariantGroup;
			children = (
				580D036818135907009AB5C6 /* en */,
			);
			name = InfoPlist.strings;
			sourceTree = "<group>";
		};
		580D037018135907009AB5C6 /* MainStoryboard_iPhone.storyboard */ = {
			isa = PBXVariantGroup;
			children = (
				580D037118135907009AB5C6 /* en */,
			);
			name = MainStoryboard_iPhone.storyboard;
			sourceTree = "<group>";
		};
		580D037318135907009AB5C6 /* MainStoryboard_iPad.storyboard */ = {
			isa = PBXVariantGroup;
			children = (
				580D037418135907009AB5C6 /* en */,
			);
			name = MainStoryboard_iPad.storyboard;
			sourceTree = "<group>";
		};
/* End PBXVariantGroup section */

/* Begin XCBuildConfiguration section */
		580D037918135907009AB5C6 /* Debug */ = {
			isa = XCBuildConfiguration;
			buildSettings = {
				ALWAYS_SEARCH_USER_PATHS = NO;
				ARCHS = "$(ARCHS_STANDARD_32_BIT)";
				"CODE_SIGN_IDENTITY[sdk=iphoneos*]" = "iPhone Developer";
				COPY_PHASE_STRIP = NO;
				GCC_C_LANGUAGE_STANDARD = gnu99;
				GCC_DYNAMIC_NO_PIC = NO;
				GCC_OPTIMIZATION_LEVEL = 0;
				GCC_PREPROCESSOR_DEFINITIONS = (
					"DEBUG=1",
					"$(inherited)",
				);
				GCC_SYMBOLS_PRIVATE_EXTERN = NO;
				GCC_VERSION = com.apple.compilers.llvm.clang.1_0;
				GCC_WARN_ABOUT_RETURN_TYPE = YES;
				GCC_WARN_UNINITIALIZED_AUTOS = YES;
				GCC_WARN_UNUSED_VARIABLE = YES;
				IPHONEOS_DEPLOYMENT_TARGET = 5.1;
				SDKROOT = iphoneos;
				TARGETED_DEVICE_FAMILY = "1,2";
			};
			name = Debug;
		};
		580D037A18135907009AB5C6 /* Release */ = {
			isa = XCBuildConfiguration;
			buildSettings = {
				ALWAYS_SEARCH_USER_PATHS = NO;
				ARCHS = "$(ARCHS_STANDARD_32_BIT)";
				"CODE_SIGN_IDENTITY[sdk=iphoneos*]" = "iPhone Developer";
				COPY_PHASE_STRIP = YES;
				GCC_C_LANGUAGE_STANDARD = gnu99;
				GCC_VERSION = com.apple.compilers.llvm.clang.1_0;
				GCC_WARN_ABOUT_RETURN_TYPE = YES;
				GCC_WARN_UNINITIALIZED_AUTOS = YES;
				GCC_WARN_UNUSED_VARIABLE = YES;
				IPHONEOS_DEPLOYMENT_TARGET = 5.1;
				OTHER_CFLAGS = "-DNS_BLOCK_ASSERTIONS=1";
				SDKROOT = iphoneos;
				TARGETED_DEVICE_FAMILY = "1,2";
				VALIDATE_PRODUCT = YES;
			};
			name = Release;
		};
		580D037C18135907009AB5C6 /* Debug */ = {
			isa = XCBuildConfiguration;
			buildSettings = {
				GCC_PRECOMPILE_PREFIX_HEADER = YES;
				GCC_PREFIX_HEADER = "rottentomatoes/rottentomatoes-Prefix.pch";
				INFOPLIST_FILE = "rottentomatoes/rottentomatoes-Info.plist";
				PRODUCT_NAME = "$(TARGET_NAME)";
				WRAPPER_EXTENSION = app;
			};
			name = Debug;
		};
		580D037D18135907009AB5C6 /* Release */ = {
			isa = XCBuildConfiguration;
			buildSettings = {
				GCC_PRECOMPILE_PREFIX_HEADER = YES;
				GCC_PREFIX_HEADER = "rottentomatoes/rottentomatoes-Prefix.pch";
				INFOPLIST_FILE = "rottentomatoes/rottentomatoes-Info.plist";
				PRODUCT_NAME = "$(TARGET_NAME)";
				WRAPPER_EXTENSION = app;
			};
			name = Release;
		};
/* End XCBuildConfiguration section */

/* Begin XCConfigurationList section */
		580D035418135907009AB5C6 /* Build configuration list for PBXProject "rottentomatoes" */ = {
			isa = XCConfigurationList;
			buildConfigurations = (
				580D037918135907009AB5C6 /* Debug */,
				580D037A18135907009AB5C6 /* Release */,
			);
			defaultConfigurationIsVisible = 0;
			defaultConfigurationName = Release;
		};
		580D037B18135907009AB5C6 /* Build configuration list for PBXNativeTarget "rottentomatoes" */ = {
			isa = XCConfigurationList;
			buildConfigurations = (
				580D037C18135907009AB5C6 /* Debug */,
				580D037D18135907009AB5C6 /* Release */,
			);
			defaultConfigurationIsVisible = 0;
		};
/* End XCConfigurationList section */
	};
	rootObject = 580D035118135907009AB5C6 /* Project object */;
}
